
Microsoft Visual Studio Solution File, Format Version 12.00
# Visual Studio Version 17
VisualStudioVersion = 17.12.35707.178
MinimumVisualStudioVersion = 10.0.40219.1
Project("{2150E333-8FDC-42A3-9474-1A3956D46DE8}") = "1 - Presentation", "1 - Presentation", "{A8CAD035-1BFF-48C7-9406-9D730A4AC469}"
EndProject
Project("{2150E333-8FDC-42A3-9474-1A3956D46DE8}") = "2 - Application", "2 - Application", "{FC22BC73-95CE-49A0-9BEF-A1B87BC0D55C}"
EndProject
Project("{FAE04EC0-301F-11D3-BF4B-00C04F79EFBC}") = "JobCode.Application", "JobCode.Application\JobCode.Application.csproj", "{FAC12B8B-15A5-41D7-B344-A5F73A23B74D}"
EndProject
Project("{2150E333-8FDC-42A3-9474-1A3956D46DE8}") = "3 - Core", "3 - Core", "{28D78C6B-C1F2-45EC-A1CF-32CC17B3CFCA}"
EndProject
Project("{2150E333-8FDC-42A3-9474-1A3956D46DE8}") = "4 - Infrastructure", "4 - Infrastructure", "{19758386-B0D9-4B9B-B604-39C24AF44D88}"
EndProject
Project("{FAE04EC0-301F-11D3-BF4B-00C04F79EFBC}") = "JobCode.Core", "JobCode.Domain\JobCode.Core.csproj", "{5117E602-D186-41FD-AD5D-97B1D416C2E8}"
EndProject
Project("{FAE04EC0-301F-11D3-BF4B-00C04F79EFBC}") = "JobCode.Api", "JobCode.Api\JobCode.Api.csproj", "{D8143BB3-78CB-40E2-9F5F-D5A21FF139F2}"
EndProject
Project("{FAE04EC0-301F-11D3-BF4B-00C04F79EFBC}") = "JobCode.Infrastructure", "JobCode.Infrastructure\JobCode.Infrastructure.csproj", "{E30CCC37-AD72-421A-A3D7-C57C06FD0E11}"
EndProject
Global
	GlobalSection(SolutionConfigurationPlatforms) = preSolution
		Debug|Any CPU = Debug|Any CPU
		Release|Any CPU = Release|Any CPU
	EndGlobalSection
	GlobalSection(ProjectConfigurationPlatforms) = postSolution
		{FAC12B8B-15A5-41D7-B344-A5F73A23B74D}.Debug|Any CPU.ActiveCfg = Debug|Any CPU
		{FAC12B8B-15A5-41D7-B344-A5F73A23B74D}.Debug|Any CPU.Build.0 = Debug|Any CPU
		{FAC12B8B-15A5-41D7-B344-A5F73A23B74D}.Release|Any CPU.ActiveCfg = Release|Any CPU
		{FAC12B8B-15A5-41D7-B344-A5F73A23B74D}.Release|Any CPU.Build.0 = Release|Any CPU
		{5117E602-D186-41FD-AD5D-97B1D416C2E8}.Debug|Any CPU.ActiveCfg = Debug|Any CPU
		{5117E602-D186-41FD-AD5D-97B1D416C2E8}.Debug|Any CPU.Build.0 = Debug|Any CPU
		{5117E602-D186-41FD-AD5D-97B1D416C2E8}.Release|Any CPU.ActiveCfg = Release|Any CPU
		{5117E602-D186-41FD-AD5D-97B1D416C2E8}.Release|Any CPU.Build.0 = Release|Any CPU
		{D8143BB3-78CB-40E2-9F5F-D5A21FF139F2}.Debug|Any CPU.ActiveCfg = Debug|Any CPU
		{D8143BB3-78CB-40E2-9F5F-D5A21FF139F2}.Debug|Any CPU.Build.0 = Debug|Any CPU
		{D8143BB3-78CB-40E2-9F5F-D5A21FF139F2}.Release|Any CPU.ActiveCfg = Release|Any CPU
		{D8143BB3-78CB-40E2-9F5F-D5A21FF139F2}.Release|Any CPU.Build.0 = Release|Any CPU
		{E30CCC37-AD72-421A-A3D7-C57C06FD0E11}.Debug|Any CPU.ActiveCfg = Debug|Any CPU
		{E30CCC37-AD72-421A-A3D7-C57C06FD0E11}.Debug|Any CPU.Build.0 = Debug|Any CPU
		{E30CCC37-AD72-421A-A3D7-C57C06FD0E11}.Release|Any CPU.ActiveCfg = Release|Any CPU
		{E30CCC37-AD72-421A-A3D7-C57C06FD0E11}.Release|Any CPU.Build.0 = Release|Any CPU
	EndGlobalSection
	GlobalSection(SolutionProperties) = preSolution
		HideSolutionNode = FALSE
	EndGlobalSection
	GlobalSection(NestedProjects) = preSolution
		{FAC12B8B-15A5-41D7-B344-A5F73A23B74D} = {FC22BC73-95CE-49A0-9BEF-A1B87BC0D55C}
		{5117E602-D186-41FD-AD5D-97B1D416C2E8} = {28D78C6B-C1F2-45EC-A1CF-32CC17B3CFCA}
		{D8143BB3-78CB-40E2-9F5F-D5A21FF139F2} = {A8CAD035-1BFF-48C7-9406-9D730A4AC469}
		{E30CCC37-AD72-421A-A3D7-C57C06FD0E11} = {19758386-B0D9-4B9B-B604-39C24AF44D88}
	EndGlobalSection
	GlobalSection(ExtensibilityGlobals) = postSolution
		SolutionGuid = {556F3967-D0DB-4257-9951-42971A758FFE}
	EndGlobalSection
EndGlobal
